
Microsoft Visual Studio Solution File, Format Version 12.00
# Visual Studio Version 16
VisualStudioVersion = 16.0.33214.272
MinimumVisualStudioVersion = 10.0.40219.1
Project("{FAE04EC0-301F-11D3-BF4B-00C04F79EFBC}") = "SPCollege", "SPCollege.csproj", "{6194852E-6D0A-4C8A-919E-383B9D74A1C8}"
EndProject
Global
	GlobalSection(SolutionConfigurationPlatforms) = preSolution
		Debug|Any CPU = Debug|Any CPU
		Release|Any CPU = Release|Any CPU
	EndGlobalSection
	GlobalSection(ProjectConfigurationPlatforms) = postSolution
		{6194852E-6D0A-4C8A-919E-383B9D74A1C8}.Debug|Any CPU.ActiveCfg = Debug|Any CPU
		{6194852E-6D0A-4C8A-919E-383B9D74A1C8}.Debug|Any CPU.Build.0 = Debug|Any CPU
		{6194852E-6D0A-4C8A-919E-383B9D74A1C8}.Release|Any CPU.ActiveCfg = Release|Any CPU
		{6194852E-6D0A-4C8A-919E-383B9D74A1C8}.Release|Any CPU.Build.0 = Release|Any CPU
	EndGlobalSection
	GlobalSection(SolutionProperties) = preSolution
		HideSolutionNode = FALSE
	EndGlobalSection
	GlobalSection(ExtensibilityGlobals) = postSolution
		SolutionGuid = {A15BFB33-5F61-4DB5-8454-E5548846E7AA}
	EndGlobalSection
EndGlobal
